// !$*UTF8*$!
{
	archiveVersion = 1;
	classes = {
	};
	objectVersion = 48;
	objects = {

/* Begin PBXBuildFile section */
		04A3BD04635619C159B26E3C /* Pods_Smack.framework in Frameworks */ = {isa = PBXBuildFile; fileRef = 9553BF3F2B6840335E1692C6 /* Pods_Smack.framework */; };
		3E00E0001F9555DD005A5BAE /* Constants.swift in Sources */ = {isa = PBXBuildFile; fileRef = 3E00DFFF1F9555DD005A5BAE /* Constants.swift */; };
		3E00E0021F956A08005A5BAE /* CreateUserVC.swift in Sources */ = {isa = PBXBuildFile; fileRef = 3E00E0011F956A08005A5BAE /* CreateUserVC.swift */; };
		3E1922671F9BA03000E04B8E /* CircleImg.swift in Sources */ = {isa = PBXBuildFile; fileRef = 3E1922661F9BA03000E04B8E /* CircleImg.swift */; };
		3E288D141F9F9383009E30AC /* ProfileVC.swift in Sources */ = {isa = PBXBuildFile; fileRef = 3E288D121F9F9383009E30AC /* ProfileVC.swift */; };
		3E288D151F9F9383009E30AC /* ProfileVC.xib in Resources */ = {isa = PBXBuildFile; fileRef = 3E288D131F9F9383009E30AC /* ProfileVC.xib */; };
		3E4A44351FA0E61500034389 /* messageService.swift in Sources */ = {isa = PBXBuildFile; fileRef = 3E4A44341FA0E61500034389 /* messageService.swift */; };
		3E4A44371FA0E68500034389 /* Channels.swift in Sources */ = {isa = PBXBuildFile; fileRef = 3E4A44361FA0E68500034389 /* Channels.swift */; };
		3E4A44391FA0FCCB00034389 /* ChannelCell.swift in Sources */ = {isa = PBXBuildFile; fileRef = 3E4A44381FA0FCCB00034389 /* ChannelCell.swift */; };
		3E4A443C1FA1435E00034389 /* AddChannelVC.swift in Sources */ = {isa = PBXBuildFile; fileRef = 3E4A443A1FA1435E00034389 /* AddChannelVC.swift */; };
		3E4A443D1FA1435E00034389 /* AddChannelVC.xib in Resources */ = {isa = PBXBuildFile; fileRef = 3E4A443B1FA1435E00034389 /* AddChannelVC.xib */; };
		3E62BED31F98E36400BD86C8 /* dataUserService.swift in Sources */ = {isa = PBXBuildFile; fileRef = 3E62BED21F98E36400BD86C8 /* dataUserService.swift */; };
		3E62BED51F9955F700BD86C8 /* AvatarPickerVC.swift in Sources */ = {isa = PBXBuildFile; fileRef = 3E62BED41F9955F700BD86C8 /* AvatarPickerVC.swift */; };
		3E62BED71F99562A00BD86C8 /* AvatarCell.swift in Sources */ = {isa = PBXBuildFile; fileRef = 3E62BED61F99562A00BD86C8 /* AvatarCell.swift */; };
		3E791E471F9487AD0075F6CD /* AppDelegate.swift in Sources */ = {isa = PBXBuildFile; fileRef = 3E791E461F9487AD0075F6CD /* AppDelegate.swift */; };
		3E791E4C1F9487AD0075F6CD /* Main.storyboard in Resources */ = {isa = PBXBuildFile; fileRef = 3E791E4A1F9487AD0075F6CD /* Main.storyboard */; };
		3E791E4E1F9487AD0075F6CD /* Assets.xcassets in Resources */ = {isa = PBXBuildFile; fileRef = 3E791E4D1F9487AD0075F6CD /* Assets.xcassets */; };
		3E791E511F9487AD0075F6CD /* LaunchScreen.storyboard in Resources */ = {isa = PBXBuildFile; fileRef = 3E791E4F1F9487AD0075F6CD /* LaunchScreen.storyboard */; };
		3E8FD68F1F96EF0E00D4F3B0 /* AuthService.swift in Sources */ = {isa = PBXBuildFile; fileRef = 3E8FD68E1F96EF0E00D4F3B0 /* AuthService.swift */; };
		3E8FD6911F97104800D4F3B0 /* ButtonsOfUI.swift in Sources */ = {isa = PBXBuildFile; fileRef = 3E8FD6901F97104800D4F3B0 /* ButtonsOfUI.swift */; };
		3E949B281FA22F06004218EE /* SocketService.swift in Sources */ = {isa = PBXBuildFile; fileRef = 3E949B271FA22F06004218EE /* SocketService.swift */; };
		3EAFDF571F9490FA00A7BF25 /* ChatVC.swift in Sources */ = {isa = PBXBuildFile; fileRef = 3EAFDF561F9490FA00A7BF25 /* ChatVC.swift */; };
		3EAFDF591F94910900A7BF25 /* ChannelVC.swift in Sources */ = {isa = PBXBuildFile; fileRef = 3EAFDF581F94910900A7BF25 /* ChannelVC.swift */; };
		3EAFDF5A1F94F60900A7BF25 /* SWRevealViewController.m in Sources */ = {isa = PBXBuildFile; fileRef = 3EAFDF511F948B0B00A7BF25 /* SWRevealViewController.m */; };
		3EAFDF5C1F95041B00A7BF25 /* gradientView.swift in Sources */ = {isa = PBXBuildFile; fileRef = 3EAFDF5B1F95041B00A7BF25 /* gradientView.swift */; };
		3EAFDF5E1F95246400A7BF25 /* LoginVC.swift in Sources */ = {isa = PBXBuildFile; fileRef = 3EAFDF5D1F95246400A7BF25 /* LoginVC.swift */; };
/* End PBXBuildFile section */

/* Begin PBXFileReference section */
		3E00DFFF1F9555DD005A5BAE /* Constants.swift */ = {isa = PBXFileReference; lastKnownFileType = sourcecode.swift; path = Constants.swift; sourceTree = "<group>"; };
		3E00E0011F956A08005A5BAE /* CreateUserVC.swift */ = {isa = PBXFileReference; lastKnownFileType = sourcecode.swift; path = CreateUserVC.swift; sourceTree = "<group>"; };
		3E1922661F9BA03000E04B8E /* CircleImg.swift */ = {isa = PBXFileReference; lastKnownFileType = sourcecode.swift; path = CircleImg.swift; sourceTree = "<group>"; };
		3E288D121F9F9383009E30AC /* ProfileVC.swift */ = {isa = PBXFileReference; lastKnownFileType = sourcecode.swift; path = ProfileVC.swift; sourceTree = "<group>"; };
		3E288D131F9F9383009E30AC /* ProfileVC.xib */ = {isa = PBXFileReference; lastKnownFileType = file.xib; path = ProfileVC.xib; sourceTree = "<group>"; };
		3E4A44341FA0E61500034389 /* messageService.swift */ = {isa = PBXFileReference; lastKnownFileType = sourcecode.swift; path = messageService.swift; sourceTree = "<group>"; };
		3E4A44361FA0E68500034389 /* Channels.swift */ = {isa = PBXFileReference; lastKnownFileType = sourcecode.swift; path = Channels.swift; sourceTree = "<group>"; };
		3E4A44381FA0FCCB00034389 /* ChannelCell.swift */ = {isa = PBXFileReference; lastKnownFileType = sourcecode.swift; path = ChannelCell.swift; sourceTree = "<group>"; };
		3E4A443A1FA1435E00034389 /* AddChannelVC.swift */ = {isa = PBXFileReference; lastKnownFileType = sourcecode.swift; path = AddChannelVC.swift; sourceTree = "<group>"; };
		3E4A443B1FA1435E00034389 /* AddChannelVC.xib */ = {isa = PBXFileReference; lastKnownFileType = file.xib; path = AddChannelVC.xib; sourceTree = "<group>"; };
		3E62BED21F98E36400BD86C8 /* dataUserService.swift */ = {isa = PBXFileReference; lastKnownFileType = sourcecode.swift; path = dataUserService.swift; sourceTree = "<group>"; };
		3E62BED41F9955F700BD86C8 /* AvatarPickerVC.swift */ = {isa = PBXFileReference; lastKnownFileType = sourcecode.swift; path = AvatarPickerVC.swift; sourceTree = "<group>"; };
		3E62BED61F99562A00BD86C8 /* AvatarCell.swift */ = {isa = PBXFileReference; lastKnownFileType = sourcecode.swift; path = AvatarCell.swift; sourceTree = "<group>"; };
		3E791E431F9487AD0075F6CD /* Smack.app */ = {isa = PBXFileReference; explicitFileType = wrapper.application; includeInIndex = 0; path = Smack.app; sourceTree = BUILT_PRODUCTS_DIR; };
		3E791E461F9487AD0075F6CD /* AppDelegate.swift */ = {isa = PBXFileReference; lastKnownFileType = sourcecode.swift; path = AppDelegate.swift; sourceTree = "<group>"; };
		3E791E4B1F9487AD0075F6CD /* Base */ = {isa = PBXFileReference; lastKnownFileType = file.storyboard; name = Base; path = Base.lproj/Main.storyboard; sourceTree = "<group>"; };
		3E791E4D1F9487AD0075F6CD /* Assets.xcassets */ = {isa = PBXFileReference; lastKnownFileType = folder.assetcatalog; path = Assets.xcassets; sourceTree = "<group>"; };
		3E791E501F9487AD0075F6CD /* Base */ = {isa = PBXFileReference; lastKnownFileType = file.storyboard; name = Base; path = Base.lproj/LaunchScreen.storyboard; sourceTree = "<group>"; };
		3E791E521F9487AD0075F6CD /* Info.plist */ = {isa = PBXFileReference; lastKnownFileType = text.plist.xml; path = Info.plist; sourceTree = "<group>"; };
		3E8FD68E1F96EF0E00D4F3B0 /* AuthService.swift */ = {isa = PBXFileReference; lastKnownFileType = sourcecode.swift; path = AuthService.swift; sourceTree = "<group>"; };
		3E8FD6901F97104800D4F3B0 /* ButtonsOfUI.swift */ = {isa = PBXFileReference; lastKnownFileType = sourcecode.swift; path = ButtonsOfUI.swift; sourceTree = "<group>"; };
		3E949B271FA22F06004218EE /* SocketService.swift */ = {isa = PBXFileReference; lastKnownFileType = sourcecode.swift; path = SocketService.swift; sourceTree = "<group>"; };
		3EAFDF501F948B0B00A7BF25 /* Smack-Bridging-Header.h */ = {isa = PBXFileReference; lastKnownFileType = sourcecode.c.h; path = "Smack-Bridging-Header.h"; sourceTree = "<group>"; };
		3EAFDF511F948B0B00A7BF25 /* SWRevealViewController.m */ = {isa = PBXFileReference; lastKnownFileType = sourcecode.c.objc; path = SWRevealViewController.m; sourceTree = "<group>"; };
		3EAFDF521F948B0B00A7BF25 /* SWRevealViewController.h */ = {isa = PBXFileReference; lastKnownFileType = sourcecode.c.h; path = SWRevealViewController.h; sourceTree = "<group>"; };
		3EAFDF561F9490FA00A7BF25 /* ChatVC.swift */ = {isa = PBXFileReference; lastKnownFileType = sourcecode.swift; path = ChatVC.swift; sourceTree = "<group>"; };
		3EAFDF581F94910900A7BF25 /* ChannelVC.swift */ = {isa = PBXFileReference; lastKnownFileType = sourcecode.swift; path = ChannelVC.swift; sourceTree = "<group>"; };
		3EAFDF5B1F95041B00A7BF25 /* gradientView.swift */ = {isa = PBXFileReference; lastKnownFileType = sourcecode.swift; path = gradientView.swift; sourceTree = "<group>"; };
		3EAFDF5D1F95246400A7BF25 /* LoginVC.swift */ = {isa = PBXFileReference; lastKnownFileType = sourcecode.swift; path = LoginVC.swift; sourceTree = "<group>"; };
		8B702FEF5BE174BB4F275A2E /* Pods-Smack.release.xcconfig */ = {isa = PBXFileReference; includeInIndex = 1; lastKnownFileType = text.xcconfig; name = "Pods-Smack.release.xcconfig"; path = "Pods/Target Support Files/Pods-Smack/Pods-Smack.release.xcconfig"; sourceTree = "<group>"; };
		9553BF3F2B6840335E1692C6 /* Pods_Smack.framework */ = {isa = PBXFileReference; explicitFileType = wrapper.framework; includeInIndex = 0; path = Pods_Smack.framework; sourceTree = BUILT_PRODUCTS_DIR; };
		F0FF40A19FE0276DE06E3CAE /* Pods-Smack.debug.xcconfig */ = {isa = PBXFileReference; includeInIndex = 1; lastKnownFileType = text.xcconfig; name = "Pods-Smack.debug.xcconfig"; path = "Pods/Target Support Files/Pods-Smack/Pods-Smack.debug.xcconfig"; sourceTree = "<group>"; };
/* End PBXFileReference section */

/* Begin PBXFrameworksBuildPhase section */
		3E791E401F9487AD0075F6CD /* Frameworks */ = {
			isa = PBXFrameworksBuildPhase;
			buildActionMask = 2147483647;
			files = (
				04A3BD04635619C159B26E3C /* Pods_Smack.framework in Frameworks */,
			);
			runOnlyForDeploymentPostprocessing = 0;
		};
/* End PBXFrameworksBuildPhase section */

/* Begin PBXGroup section */
		3E00DFFE1F9555C0005A5BAE /* Utilities */ = {
			isa = PBXGroup;
			children = (
				3E00DFFF1F9555DD005A5BAE /* Constants.swift */,
			);
			path = Utilities;
			sourceTree = "<group>";
		};
		3E288D161F9F9387009E30AC /* XIBS */ = {
			isa = PBXGroup;
			children = (
				3E288D131F9F9383009E30AC /* ProfileVC.xib */,
				3E4A443B1FA1435E00034389 /* AddChannelVC.xib */,
			);
			path = XIBS;
			sourceTree = "<group>";
		};
		3E791E3A1F9487AD0075F6CD = {
			isa = PBXGroup;
			children = (
				3E791E451F9487AD0075F6CD /* Smack */,
				3E791E441F9487AD0075F6CD /* Products */,
				A11FF39E87006E55EFA76A67 /* Pods */,
				73E79249298821979AEE3013 /* Frameworks */,
			);
			sourceTree = "<group>";
		};
		3E791E441F9487AD0075F6CD /* Products */ = {
			isa = PBXGroup;
			children = (
				3E791E431F9487AD0075F6CD /* Smack.app */,
			);
			name = Products;
			sourceTree = "<group>";
		};
		3E791E451F9487AD0075F6CD /* Smack */ = {
			isa = PBXGroup;
			children = (
				3E288D161F9F9387009E30AC /* XIBS */,
				3E8FD68D1F96EEED00D4F3B0 /* Services */,
				3E00DFFE1F9555C0005A5BAE /* Utilities */,
				3EAFDF551F948E9B00A7BF25 /* Model */,
				3EAFDF541F948E9400A7BF25 /* View */,
				3EAFDF531F948E8D00A7BF25 /* Controller */,
				3EAFDF4F1F948ACB00A7BF25 /* Supporting Files */,
				3E791E461F9487AD0075F6CD /* AppDelegate.swift */,
				3E791E4A1F9487AD0075F6CD /* Main.storyboard */,
				3E791E4D1F9487AD0075F6CD /* Assets.xcassets */,
				3E791E4F1F9487AD0075F6CD /* LaunchScreen.storyboard */,
				3E791E521F9487AD0075F6CD /* Info.plist */,
			);
			path = Smack;
			sourceTree = "<group>";
		};
		3E8FD68D1F96EEED00D4F3B0 /* Services */ = {
			isa = PBXGroup;
			children = (
				3E8FD68E1F96EF0E00D4F3B0 /* AuthService.swift */,
				3E62BED21F98E36400BD86C8 /* dataUserService.swift */,
				3E4A44341FA0E61500034389 /* messageService.swift */,
				3E949B271FA22F06004218EE /* SocketService.swift */,
			);
			path = Services;
			sourceTree = "<group>";
		};
		3EAFDF4F1F948ACB00A7BF25 /* Supporting Files */ = {
			isa = PBXGroup;
			children = (
				3EAFDF521F948B0B00A7BF25 /* SWRevealViewController.h */,
				3EAFDF511F948B0B00A7BF25 /* SWRevealViewController.m */,
				3EAFDF501F948B0B00A7BF25 /* Smack-Bridging-Header.h */,
			);
			path = "Supporting Files";
			sourceTree = "<group>";
		};
		3EAFDF531F948E8D00A7BF25 /* Controller */ = {
			isa = PBXGroup;
			children = (
				3EAFDF561F9490FA00A7BF25 /* ChatVC.swift */,
				3EAFDF581F94910900A7BF25 /* ChannelVC.swift */,
				3EAFDF5D1F95246400A7BF25 /* LoginVC.swift */,
				3E00E0011F956A08005A5BAE /* CreateUserVC.swift */,
				3E62BED41F9955F700BD86C8 /* AvatarPickerVC.swift */,
				3E288D121F9F9383009E30AC /* ProfileVC.swift */,
				3E4A443A1FA1435E00034389 /* AddChannelVC.swift */,
			);
			path = Controller;
			sourceTree = "<group>";
		};
		3EAFDF541F948E9400A7BF25 /* View */ = {
			isa = PBXGroup;
			children = (
				3EAFDF5B1F95041B00A7BF25 /* gradientView.swift */,
				3E8FD6901F97104800D4F3B0 /* ButtonsOfUI.swift */,
				3E62BED61F99562A00BD86C8 /* AvatarCell.swift */,
				3E1922661F9BA03000E04B8E /* CircleImg.swift */,
				3E4A44381FA0FCCB00034389 /* ChannelCell.swift */,
			);
			path = View;
			sourceTree = "<group>";
		};
		3EAFDF551F948E9B00A7BF25 /* Model */ = {
			isa = PBXGroup;
			children = (
				3E4A44361FA0E68500034389 /* Channels.swift */,
			);
			path = Model;
			sourceTree = "<group>";
		};
		73E79249298821979AEE3013 /* Frameworks */ = {
			isa = PBXGroup;
			children = (
				9553BF3F2B6840335E1692C6 /* Pods_Smack.framework */,
			);
			name = Frameworks;
			sourceTree = "<group>";
		};
		A11FF39E87006E55EFA76A67 /* Pods */ = {
			isa = PBXGroup;
			children = (
				F0FF40A19FE0276DE06E3CAE /* Pods-Smack.debug.xcconfig */,
				8B702FEF5BE174BB4F275A2E /* Pods-Smack.release.xcconfig */,
			);
			name = Pods;
			sourceTree = "<group>";
		};
/* End PBXGroup section */

/* Begin PBXNativeTarget section */
		3E791E421F9487AD0075F6CD /* Smack */ = {
			isa = PBXNativeTarget;
			buildConfigurationList = 3E791E551F9487AD0075F6CD /* Build configuration list for PBXNativeTarget "Smack" */;
			buildPhases = (
				38FDB8F8B07B1FF63CAB0C36 /* [CP] Check Pods Manifest.lock */,
				3E791E3F1F9487AD0075F6CD /* Sources */,
				3E791E401F9487AD0075F6CD /* Frameworks */,
				3E791E411F9487AD0075F6CD /* Resources */,
				F728BBB2DCB18EA911D7BCB6 /* [CP] Embed Pods Frameworks */,
				253CE7FACC455C5C3D87A72E /* [CP] Copy Pods Resources */,
			);
			buildRules = (
			);
			dependencies = (
			);
			name = Smack;
			productName = Smack;
			productReference = 3E791E431F9487AD0075F6CD /* Smack.app */;
			productType = "com.apple.product-type.application";
		};
/* End PBXNativeTarget section */

/* Begin PBXProject section */
		3E791E3B1F9487AD0075F6CD /* Project object */ = {
			isa = PBXProject;
			attributes = {
				LastSwiftUpdateCheck = 0900;
				LastUpgradeCheck = 0900;
				ORGANIZATIONNAME = "Francisco Salom";
				TargetAttributes = {
					3E791E421F9487AD0075F6CD = {
						CreatedOnToolsVersion = 9.0;
						LastSwiftMigration = 0900;
						ProvisioningStyle = Automatic;
					};
				};
			};
			buildConfigurationList = 3E791E3E1F9487AD0075F6CD /* Build configuration list for PBXProject "Smack" */;
			compatibilityVersion = "Xcode 8.0";
			developmentRegion = en;
			hasScannedForEncodings = 0;
			knownRegions = (
				en,
				Base,
			);
			mainGroup = 3E791E3A1F9487AD0075F6CD;
			productRefGroup = 3E791E441F9487AD0075F6CD /* Products */;
			projectDirPath = "";
			projectRoot = "";
			targets = (
				3E791E421F9487AD0075F6CD /* Smack */,
			);
		};
/* End PBXProject section */

/* Begin PBXResourcesBuildPhase section */
		3E791E411F9487AD0075F6CD /* Resources */ = {
			isa = PBXResourcesBuildPhase;
			buildActionMask = 2147483647;
			files = (
				3E4A443D1FA1435E00034389 /* AddChannelVC.xib in Resources */,
				3E288D151F9F9383009E30AC /* ProfileVC.xib in Resources */,
				3E791E511F9487AD0075F6CD /* LaunchScreen.storyboard in Resources */,
				3E791E4E1F9487AD0075F6CD /* Assets.xcassets in Resources */,
				3E791E4C1F9487AD0075F6CD /* Main.storyboard in Resources */,
			);
			runOnlyForDeploymentPostprocessing = 0;
		};
/* End PBXResourcesBuildPhase section */

/* Begin PBXShellScriptBuildPhase section */
		253CE7FACC455C5C3D87A72E /* [CP] Copy Pods Resources */ = {
			isa = PBXShellScriptBuildPhase;
			buildActionMask = 2147483647;
			files = (
			);
			inputPaths = (
			);
			name = "[CP] Copy Pods Resources";
			outputPaths = (
			);
			runOnlyForDeploymentPostprocessing = 0;
			shellPath = /bin/sh;
			shellScript = "\"${SRCROOT}/Pods/Target Support Files/Pods-Smack/Pods-Smack-resources.sh\"\n";
			showEnvVarsInLog = 0;
		};
		38FDB8F8B07B1FF63CAB0C36 /* [CP] Check Pods Manifest.lock */ = {
			isa = PBXShellScriptBuildPhase;
			buildActionMask = 2147483647;
			files = (
			);
			inputPaths = (
				"${PODS_PODFILE_DIR_PATH}/Podfile.lock",
				"${PODS_ROOT}/Manifest.lock",
			);
			name = "[CP] Check Pods Manifest.lock";
			outputPaths = (
				"$(DERIVED_FILE_DIR)/Pods-Smack-checkManifestLockResult.txt",
			);
			runOnlyForDeploymentPostprocessing = 0;
			shellPath = /bin/sh;
			shellScript = "diff \"${PODS_PODFILE_DIR_PATH}/Podfile.lock\" \"${PODS_ROOT}/Manifest.lock\" > /dev/null\nif [ $? != 0 ] ; then\n    # print error to STDERR\n    echo \"error: The sandbox is not in sync with the Podfile.lock. Run 'pod install' or update your CocoaPods installation.\" >&2\n    exit 1\nfi\n# This output is used by Xcode 'outputs' to avoid re-running this script phase.\necho \"SUCCESS\" > \"${SCRIPT_OUTPUT_FILE_0}\"\n";
			showEnvVarsInLog = 0;
		};
		F728BBB2DCB18EA911D7BCB6 /* [CP] Embed Pods Frameworks */ = {
			isa = PBXShellScriptBuildPhase;
			buildActionMask = 2147483647;
			files = (
			);
			inputPaths = (
				"${SRCROOT}/Pods/Target Support Files/Pods-Smack/Pods-Smack-frameworks.sh",
				"${BUILT_PRODUCTS_DIR}/Alamofire/Alamofire.framework",
				"${BUILT_PRODUCTS_DIR}/Socket.IO-Client-Swift/SocketIO.framework",
				"${BUILT_PRODUCTS_DIR}/Starscream/Starscream.framework",
				"${BUILT_PRODUCTS_DIR}/SwiftyJSON/SwiftyJSON.framework",
			);
			name = "[CP] Embed Pods Frameworks";
			outputPaths = (
				"${TARGET_BUILD_DIR}/${FRAMEWORKS_FOLDER_PATH}/Alamofire.framework",
				"${TARGET_BUILD_DIR}/${FRAMEWORKS_FOLDER_PATH}/SocketIO.framework",
				"${TARGET_BUILD_DIR}/${FRAMEWORKS_FOLDER_PATH}/Starscream.framework",
				"${TARGET_BUILD_DIR}/${FRAMEWORKS_FOLDER_PATH}/SwiftyJSON.framework",
			);
			runOnlyForDeploymentPostprocessing = 0;
			shellPath = /bin/sh;
			shellScript = "\"${SRCROOT}/Pods/Target Support Files/Pods-Smack/Pods-Smack-frameworks.sh\"\n";
			showEnvVarsInLog = 0;
		};
/* End PBXShellScriptBuildPhase section */

/* Begin PBXSourcesBuildPhase section */
		3E791E3F1F9487AD0075F6CD /* Sources */ = {
			isa = PBXSourcesBuildPhase;
			buildActionMask = 2147483647;
			files = (
				3E949B281FA22F06004218EE /* SocketService.swift in Sources */,
				3E288D141F9F9383009E30AC /* ProfileVC.swift in Sources */,
				3E4A44391FA0FCCB00034389 /* ChannelCell.swift in Sources */,
				3EAFDF571F9490FA00A7BF25 /* ChatVC.swift in Sources */,
				3E62BED51F9955F700BD86C8 /* AvatarPickerVC.swift in Sources */,
				3E00E0021F956A08005A5BAE /* CreateUserVC.swift in Sources */,
				3E8FD6911F97104800D4F3B0 /* ButtonsOfUI.swift in Sources */,
				3EAFDF591F94910900A7BF25 /* ChannelVC.swift in Sources */,
				3E1922671F9BA03000E04B8E /* CircleImg.swift in Sources */,
				3E62BED31F98E36400BD86C8 /* dataUserService.swift in Sources */,
				3E62BED71F99562A00BD86C8 /* AvatarCell.swift in Sources */,
				3E4A44351FA0E61500034389 /* messageService.swift in Sources */,
				3E8FD68F1F96EF0E00D4F3B0 /* AuthService.swift in Sources */,
				3EAFDF5E1F95246400A7BF25 /* LoginVC.swift in Sources */,
				3E4A443C1FA1435E00034389 /* AddChannelVC.swift in Sources */,
				3EAFDF5C1F95041B00A7BF25 /* gradientView.swift in Sources */,
				3E00E0001F9555DD005A5BAE /* Constants.swift in Sources */,
				3E791E471F9487AD0075F6CD /* AppDelegate.swift in Sources */,
				3E4A44371FA0E68500034389 /* Channels.swift in Sources */,
				3EAFDF5A1F94F60900A7BF25 /* SWRevealViewController.m in Sources */,
			);
			runOnlyForDeploymentPostprocessing = 0;
		};
/* End PBXSourcesBuildPhase section */

/* Begin PBXVariantGroup section */
		3E791E4A1F9487AD0075F6CD /* Main.storyboard */ = {
			isa = PBXVariantGroup;
			children = (
				3E791E4B1F9487AD0075F6CD /* Base */,
			);
			name = Main.storyboard;
			sourceTree = "<group>";
		};
		3E791E4F1F9487AD0075F6CD /* LaunchScreen.storyboard */ = {
			isa = PBXVariantGroup;
			children = (
				3E791E501F9487AD0075F6CD /* Base */,
			);
			name = LaunchScreen.storyboard;
			sourceTree = "<group>";
		};
/* End PBXVariantGroup section */

/* Begin XCBuildConfiguration section */
		3E791E531F9487AD0075F6CD /* Debug */ = {
			isa = XCBuildConfiguration;
			buildSettings = {
				ALWAYS_SEARCH_USER_PATHS = NO;
				CLANG_ANALYZER_NONNULL = YES;
				CLANG_ANALYZER_NUMBER_OBJECT_CONVERSION = YES_AGGRESSIVE;
				CLANG_CXX_LANGUAGE_STANDARD = "gnu++14";
				CLANG_CXX_LIBRARY = "libc++";
				CLANG_ENABLE_MODULES = YES;
				CLANG_ENABLE_OBJC_ARC = YES;
				CLANG_WARN_BLOCK_CAPTURE_AUTORELEASING = YES;
				CLANG_WARN_BOOL_CONVERSION = YES;
				CLANG_WARN_COMMA = YES;
				CLANG_WARN_CONSTANT_CONVERSION = YES;
				CLANG_WARN_DIRECT_OBJC_ISA_USAGE = YES_ERROR;
				CLANG_WARN_DOCUMENTATION_COMMENTS = YES;
				CLANG_WARN_EMPTY_BODY = YES;
				CLANG_WARN_ENUM_CONVERSION = YES;
				CLANG_WARN_INFINITE_RECURSION = YES;
				CLANG_WARN_INT_CONVERSION = YES;
				CLANG_WARN_NON_LITERAL_NULL_CONVERSION = YES;
				CLANG_WARN_OBJC_LITERAL_CONVERSION = YES;
				CLANG_WARN_OBJC_ROOT_CLASS = YES_ERROR;
				CLANG_WARN_RANGE_LOOP_ANALYSIS = YES;
				CLANG_WARN_STRICT_PROTOTYPES = YES;
				CLANG_WARN_SUSPICIOUS_MOVE = YES;
				CLANG_WARN_UNGUARDED_AVAILABILITY = YES_AGGRESSIVE;
				CLANG_WARN_UNREACHABLE_CODE = YES;
				CLANG_WARN__DUPLICATE_METHOD_MATCH = YES;
				CODE_SIGN_IDENTITY = "iPhone Developer";
				COPY_PHASE_STRIP = NO;
				DEBUG_INFORMATION_FORMAT = dwarf;
				ENABLE_STRICT_OBJC_MSGSEND = YES;
				ENABLE_TESTABILITY = YES;
				GCC_C_LANGUAGE_STANDARD = gnu11;
				GCC_DYNAMIC_NO_PIC = NO;
				GCC_NO_COMMON_BLOCKS = YES;
				GCC_OPTIMIZATION_LEVEL = 0;
				GCC_PREPROCESSOR_DEFINITIONS = (
					"DEBUG=1",
					"$(inherited)",
				);
				GCC_WARN_64_TO_32_BIT_CONVERSION = YES;
				GCC_WARN_ABOUT_RETURN_TYPE = YES_ERROR;
				GCC_WARN_UNDECLARED_SELECTOR = YES;
				GCC_WARN_UNINITIALIZED_AUTOS = YES_AGGRESSIVE;
				GCC_WARN_UNUSED_FUNCTION = YES;
				GCC_WARN_UNUSED_VARIABLE = YES;
				IPHONEOS_DEPLOYMENT_TARGET = 11.0;
				MTL_ENABLE_DEBUG_INFO = YES;
				ONLY_ACTIVE_ARCH = YES;
				SDKROOT = iphoneos;
				SWIFT_ACTIVE_COMPILATION_CONDITIONS = DEBUG;
				SWIFT_OPTIMIZATION_LEVEL = "-Onone";
			};
			name = Debug;
		};
		3E791E541F9487AD0075F6CD /* Release */ = {
			isa = XCBuildConfiguration;
			buildSettings = {
				ALWAYS_SEARCH_USER_PATHS = NO;
				CLANG_ANALYZER_NONNULL = YES;
				CLANG_ANALYZER_NUMBER_OBJECT_CONVERSION = YES_AGGRESSIVE;
				CLANG_CXX_LANGUAGE_STANDARD = "gnu++14";
				CLANG_CXX_LIBRARY = "libc++";
				CLANG_ENABLE_MODULES = YES;
				CLANG_ENABLE_OBJC_ARC = YES;
				CLANG_WARN_BLOCK_CAPTURE_AUTORELEASING = YES;
				CLANG_WARN_BOOL_CONVERSION = YES;
				CLANG_WARN_COMMA = YES;
				CLANG_WARN_CONSTANT_CONVERSION = YES;
				CLANG_WARN_DIRECT_OBJC_ISA_USAGE = YES_ERROR;
				CLANG_WARN_DOCUMENTATION_COMMENTS = YES;
				CLANG_WARN_EMPTY_BODY = YES;
				CLANG_WARN_ENUM_CONVERSION = YES;
				CLANG_WARN_INFINITE_RECURSION = YES;
				CLANG_WARN_INT_CONVERSION = YES;
				CLANG_WARN_NON_LITERAL_NULL_CONVERSION = YES;
				CLANG_WARN_OBJC_LITERAL_CONVERSION = YES;
				CLANG_WARN_OBJC_ROOT_CLASS = YES_ERROR;
				CLANG_WARN_RANGE_LOOP_ANALYSIS = YES;
				CLANG_WARN_STRICT_PROTOTYPES = YES;
				CLANG_WARN_SUSPICIOUS_MOVE = YES;
				CLANG_WARN_UNGUARDED_AVAILABILITY = YES_AGGRESSIVE;
				CLANG_WARN_UNREACHABLE_CODE = YES;
				CLANG_WARN__DUPLICATE_METHOD_MATCH = YES;
				CODE_SIGN_IDENTITY = "iPhone Developer";
				COPY_PHASE_STRIP = NO;
				DEBUG_INFORMATION_FORMAT = "dwarf-with-dsym";
				ENABLE_NS_ASSERTIONS = NO;
				ENABLE_STRICT_OBJC_MSGSEND = YES;
				GCC_C_LANGUAGE_STANDARD = gnu11;
				GCC_NO_COMMON_BLOCKS = YES;
				GCC_WARN_64_TO_32_BIT_CONVERSION = YES;
				GCC_WARN_ABOUT_RETURN_TYPE = YES_ERROR;
				GCC_WARN_UNDECLARED_SELECTOR = YES;
				GCC_WARN_UNINITIALIZED_AUTOS = YES_AGGRESSIVE;
				GCC_WARN_UNUSED_FUNCTION = YES;
				GCC_WARN_UNUSED_VARIABLE = YES;
				IPHONEOS_DEPLOYMENT_TARGET = 11.0;
				MTL_ENABLE_DEBUG_INFO = NO;
				SDKROOT = iphoneos;
				SWIFT_OPTIMIZATION_LEVEL = "-Owholemodule";
				VALIDATE_PRODUCT = YES;
			};
			name = Release;
		};
		3E791E561F9487AD0075F6CD /* Debug */ = {
			isa = XCBuildConfiguration;
			baseConfigurationReference = F0FF40A19FE0276DE06E3CAE /* Pods-Smack.debug.xcconfig */;
			buildSettings = {
				ASSETCATALOG_COMPILER_APPICON_NAME = AppIcon;
				CLANG_ENABLE_MODULES = YES;
				CODE_SIGN_STYLE = Automatic;
				DEVELOPMENT_TEAM = Y5JCSTN7KA;
				INFOPLIST_FILE = Smack/Info.plist;
				IPHONEOS_DEPLOYMENT_TARGET = 9.3;
				LD_RUNPATH_SEARCH_PATHS = "$(inherited) @executable_path/Frameworks";
				PRODUCT_BUNDLE_IDENTIFIER = franpple.Smack;
				PRODUCT_NAME = "$(TARGET_NAME)";
				SWIFT_OBJC_BRIDGING_HEADER = "Smack/Supporting Files/Smack-Bridging-Header.h";
				SWIFT_OPTIMIZATION_LEVEL = "-Onone";
				SWIFT_VERSION = 4.0;
				TARGETED_DEVICE_FAMILY = "1,2";
			};
			name = Debug;
		};
		3E791E571F9487AD0075F6CD /* Release */ = {
			isa = XCBuildConfiguration;
			baseConfigurationReference = 8B702FEF5BE174BB4F275A2E /* Pods-Smack.release.xcconfig */;
			buildSettings = {
				ASSETCATALOG_COMPILER_APPICON_NAME = AppIcon;
				CLANG_ENABLE_MODULES = YES;
				CODE_SIGN_STYLE = Automatic;
				DEVELOPMENT_TEAM = Y5JCSTN7KA;
				INFOPLIST_FILE = Smack/Info.plist;
				IPHONEOS_DEPLOYMENT_TARGET = 9.3;
				LD_RUNPATH_SEARCH_PATHS = "$(inherited) @executable_path/Frameworks";
				PRODUCT_BUNDLE_IDENTIFIER = franpple.Smack;
				PRODUCT_NAME = "$(TARGET_NAME)";
				SWIFT_OBJC_BRIDGING_HEADER = "Smack/Supporting Files/Smack-Bridging-Header.h";
				SWIFT_VERSION = 4.0;
				TARGETED_DEVICE_FAMILY = "1,2";
			};
			name = Release;
		};
/* End XCBuildConfiguration section */

/* Begin XCConfigurationList section */
		3E791E3E1F9487AD0075F6CD /* Build configuration list for PBXProject "Smack" */ = {
			isa = XCConfigurationList;
			buildConfigurations = (
				3E791E531F9487AD0075F6CD /* Debug */,
				3E791E541F9487AD0075F6CD /* Release */,
			);
			defaultConfigurationIsVisible = 0;
			defaultConfigurationName = Release;
		};
		3E791E551F9487AD0075F6CD /* Build configuration list for PBXNativeTarget "Smack" */ = {
			isa = XCConfigurationList;
			buildConfigurations = (
				3E791E561F9487AD0075F6CD /* Debug */,
				3E791E571F9487AD0075F6CD /* Release */,
			);
			defaultConfigurationIsVisible = 0;
			defaultConfigurationName = Release;
		};
/* End XCConfigurationList section */
	};
	rootObject = 3E791E3B1F9487AD0075F6CD /* Project object */;
}
